# CPython 3.14.6, Linux x86_64, manylinux_2_28, CUDA 13.0 runtime closure.
# Every distribution is exactly pinned and accepted only by SHA-256.
--index-url https://pypi.org/simple
--extra-index-url https://download.pytorch.org/whl/cu130

cuda-bindings==13.0.3 \
    --hash=sha256:1769956c8d868fe16535e02201b0b9e8a485f4e83024f9010f3e9b48a4387aa1 \
    --hash=sha256:193762306b6032c00a141fc38bcef92c6fb4d332fd2d6a550c7f950e7fd8acd8 \
    --hash=sha256:3ab845487ca2c14accdcb393a559a3070469ea4b591d05e6ef439471f47f3e24 \
    --hash=sha256:512d0d803a5e47a8a42d5a34ce0932802bf72fe952fdb11ac798715a35c6e5cb \
    --hash=sha256:547959c87185ce7d0a547afa1b728bb707c9f0db38994f8b89442f3bdc379d73 \
    --hash=sha256:6b12ccd98f447aea9589d32caf9efda0c193994080752a60f790b646d519fe8c \
    --hash=sha256:74307cea1feee6c32a6e27b42e77beb22cd21cff4b7764fd214fa6ff89f8bd69 \
    --hash=sha256:7c7e6e89cdfc9b34f16a065cc6ad6c4bab19ce5dcef8da3ace8ad10bda899fa0 \
    --hash=sha256:9afede5937474864aa794eb57399dbdf5d2b05427aadcac275209b0857528a61 \
    --hash=sha256:aaa0934e16aa20ec10fbb1ecc53a6961b8d1c06a970fe05cc6ee7d2a805a090f \
    --hash=sha256:abd8481400f959484e48008281b2ff034ac6973881906afee1d346e11f1e1aae \
    --hash=sha256:b899e5a513c11eaa18648f9bf5265d8de2a93f76ef66a6bfca0a2887303965cd \
    --hash=sha256:bd2364bc49925837ce18dda259c3a36e539977ca0297799a54891cae1d5213f5 \
    --hash=sha256:c5f797ce534a303525259be0ae7ee9cfcf4f7874b22f1f9b8e85555509dccb83 \
    --hash=sha256:c859e326c776a47e66c50386a10c84fe34291eb6e711610c9fd7cc27d446334f \
    --hash=sha256:cf41d9e69019939aa15296fa66ea7d3fdb8d2c6383f729f4b1156c8b37808a06 \
    --hash=sha256:d56e46a9e984bb754e56b9d060cf027fe99f08a97651ce6d8aa1c2032476d01e \
    --hash=sha256:dd83e8d79587e265b82d3e589ba6b061770537443dfb1bb4a74f755c8b13f62b \
    --hash=sha256:dfd66c25a133365c4f93e3396c38c64b04400ccafd18c3a889ae251a1bfabaa1 \
    --hash=sha256:e675dbd009fb5e66d63fd13a8ff35f849120f01bcc4dafadbced3004605c3588 \
    --hash=sha256:e93866465e7ff4b7ebdf711cf9cd680499cd875f992058c68be08d4775ac233d \
    --hash=sha256:ed06ef3507bd0aefb0da367e3d15676a8c7443bd68a88f298562d60b41078c20 \
    --hash=sha256:fb16a7f769c9c67469add7a1d9f6c14dd44637f6921cb6b9eb82cb5015b35c3d \
    --hash=sha256:fce6d6b162457475b35e1a259ab643e683d1d20a84459fea898782e2f1e10a3b
    # via torch
cuda-pathfinder==1.2.2 \
    --hash=sha256:4a97b8eb29bc4bbd52f419141dd0345da95f67e599deeed686bd925729d22228
    # via cuda-bindings
cuda-toolkit==13.0.3.0 \
    --hash=sha256:d693caaa261214ddd7dbb60d68e71cbed884e68c2be7509778f3051da0b91c3f
    # via torch
filelock==3.29.0 \
    --hash=sha256:69974355e960702e789734cb4871f884ea6fe50bd8404051a3530bc07809cf90 \
    --hash=sha256:96f5f6344709aa1572bbf631c640e4ebeeb519e08da902c39a001882f30ac258
    # via torch
fsspec==2026.4.0 \
    --hash=sha256:11ef7bb35dab8a394fde6e608221d5cf3e8499401c249bebaeaad760a1a8dec2 \
    --hash=sha256:301d8ac70ae90ef3ad05dcf94d6c3754a097f9b5fe4667d2787aa359ec7df7e4
    # via torch
jinja2==3.1.6 \
    --hash=sha256:85ece4451f492d0c13c5dd7c13a64681a86afae63a5f347908daf103ce6d2f67
    # via torch
markupsafe==3.0.3 \
    --hash=sha256:457a69a9577064c05a97c41f4e65148652db078a3a509039e64d3467b9e7ef97
    # via jinja2
mpmath==1.3.0 \
    --hash=sha256:7a28eb2a9774d00c7bc92411c19a89209d5da7c4c9a9e227be8330a23a25b91f \
    --hash=sha256:a0b2b9fe80bbcd81a6647ff13108738cfb482d481d826cc0e02f5b35e5c88d2c
    # via sympy
networkx==3.6.1 \
    --hash=sha256:26b7c357accc0c8cde558ad486283728b65b6a95d85ee1cd66bafab4c8168509 \
    --hash=sha256:d47fbf302e7d9cbbb9e2555a0d267983d2aa476bac30e90dfbe5669bd57f3762
    # via torch
numpy==2.4.4 \
    --hash=sha256:27a8d92cd10f1382a67d7cf4db7ce18341b66438bdd9f691d7b0e48d104c2a9d
    # via trainer runtime
nvidia-cublas==13.1.1.3 \
    --hash=sha256:37936a16db8fe4ac1f065c2139360608a543a09275cb1a1af612e08cfa065436 \
    --hash=sha256:b6cdce694e47ff6aadf0a69df1cab6628d696f5ff56e8d16af50309d855fa20f \
    --hash=sha256:b7a210458267ac818974c53038fbec2e969d5c99f305ab15c72522fa9f001dd5
    # via
    #   cuda-toolkit
    #   nvidia-cudnn-cu13
    #   nvidia-cusolver
nvidia-cuda-cupti==13.0.85 \
    --hash=sha256:4eb01c08e859bf924d222250d2e8f8b8ff6d3db4721288cf35d14252a4d933c8 \
    --hash=sha256:683f58d301548deeefcb8f6fac1b8d907691b9d8b18eccab417f51e362102f00 \
    --hash=sha256:796bd679890ee55fb14a94629b698b6db54bcfd833d391d5e94017dd9d7d3151
    # via cuda-toolkit
nvidia-cuda-nvrtc==13.0.88 \
    --hash=sha256:6bcd4e7f8e205cbe644f5a98f2f799bef9556fefc89dd786e79a16312ce49872 \
    --hash=sha256:ad9b6d2ead2435f11cbb6868809d2adeeee302e9bb94bcf0539c7a40d80e8575 \
    --hash=sha256:d27f20a0ca67a4bb34268a5e951033496c5b74870b868bacd046b1b8e0c3267b
    # via
    #   cuda-toolkit
    #   nvidia-cublas
nvidia-cuda-runtime==13.0.96 \
    --hash=sha256:7f82250d7782aa23b6cfe765ecc7db554bd3c2870c43f3d1821f1d18aebf0548 \
    --hash=sha256:ef9bcbe90493a2b9d810e43d249adb3d02e98dd30200d86607d8d02687c43f55 \
    --hash=sha256:f79298c8a098cec150a597c8eba58ecdab96e3bdc4b9bc4f9983635031740492
    # via cuda-toolkit
nvidia-cudnn-cu13==9.20.0.48 \
    --hash=sha256:0c45dd8eeb50b603f07995b1b300c62ffe6a1980482b82b3bcf94a4ca9d49304 \
    --hash=sha256:af8139732b99c0118be65ea5aac97f0d46018f8c552889e49d2fb0c6261a4a24 \
    --hash=sha256:e31454ae00094b0c55319d9d15b6fa2fc50a9e1c0f5c8c80fb75258234e731e1
    # via torch
nvidia-cufft==12.0.0.61 \
    --hash=sha256:2708c852ef8cd89d1d2068bdbece0aa188813a0c934db3779b9b1faa8442e5f5 \
    --hash=sha256:2abce5b39d2f5ae12730fb7e5db6696533e36c26e2d3e8fd1750bdd2853364eb \
    --hash=sha256:6c44f692dce8fd5ffd3e3df134b6cdb9c2f72d99cf40b62c32dde45eea9ddad3
    # via cuda-toolkit
nvidia-cufile==1.15.1.6 \
    --hash=sha256:08a3ecefae5a01c7f5117351c64f17c7c62efa5fffdbe24fc7d298da19cd0b44 \
    --hash=sha256:bdc0deedc61f548bddf7733bdc216456c2fdb101d020e1ab4b88d232d5e2f6d1
    # via cuda-toolkit
nvidia-curand==10.4.0.35 \
    --hash=sha256:133df5a7509c3e292aaa2b477afd0194f06ce4ea24d714d616ff36439cee349a \
    --hash=sha256:1aee33a5da6e1db083fe2b90082def8915f30f3248d5896bcec36a579d941bfc \
    --hash=sha256:65b1710aa6961d326b411e314b374290904c5ddf41dc3f766ebc3f1d7d4ca69f
    # via cuda-toolkit
nvidia-cusolver==12.0.4.66 \
    --hash=sha256:02c2457eaa9e39de20f880f4bd8820e6a1cfb9f9a34f820eb12a155aa5bc92d2 \
    --hash=sha256:0a759da5dea5c0ea10fd307de75cdeb59e7ea4fcb8add0924859b944babf1112 \
    --hash=sha256:16515bd33a8e76bb54d024cfa068fa68d30e80fc34b9e1090813ea9362e0cb65
    # via cuda-toolkit
nvidia-cusparse==12.6.3.3 \
    --hash=sha256:2b3c89c88d01ee0e477cb7f82ef60a11a4bcd57b6b87c33f789350b59759360b \
    --hash=sha256:80bcc4662f23f1054ee334a15c72b8940402975e0eab63178fc7e670aa59472c \
    --hash=sha256:cbcf42feb737bd7ec15b4c0a63e62351886bd3f975027b8815d7f720a2b5ea79
    # via
    #   cuda-toolkit
    #   nvidia-cusolver
nvidia-cusparselt-cu13==0.8.1 \
    --hash=sha256:4dca476c50bf4780d46cd0bfbd82e2bc10a08e4fef7950917ce8d7578d22a23f \
    --hash=sha256:786ce87568c303fadb5afcc7102d454cd3040d75f6f8626f5db460d1871f4dd0 \
    --hash=sha256:dccbd362f91a7b9024d1f55ee9f548ac065027ff15d8c8b0db889ab3a8f31215
    # via torch
nvidia-nccl-cu13==2.29.7 \
    --hash=sha256:674a12383e3c38a1bcccae7d4f3633b37852230b6047883cb2f4c2d1b36d9bf5 \
    --hash=sha256:edd81538446786ec3b73972543e53bb43bcaf0bfc8ef76cb679fcc390ffe136d
    # via torch
nvidia-nvjitlink==13.2.78 \
    --hash=sha256:27964b6702aeceee05fc0ab47b4c97e3f8966bd47d05d9827e913c49a025656b \
    --hash=sha256:f8db47f159e434f5c7b9de53c4bc71cfa03ac3aeae717db5dc91b846c506b0a3 \
    --hash=sha256:fc64c0708d301705bc3df36b16ff226e07f78b571e868a7489dac78282048a25
    # via
    #   cuda-toolkit
    #   nvidia-cufft
    #   nvidia-cusolver
    #   nvidia-cusparse
nvidia-nvshmem-cu13==3.4.5 \
    --hash=sha256:290f0a2ee94c9f3687a02502f3b9299a9f9fe826e6d0287ee18482e78d495b80 \
    --hash=sha256:6dc2a197f38e5d0376ad52cd1a2a3617d3cdc150fd5966f4aee9bcebb1d68fe9
    # via torch
nvidia-nvtx==13.0.85 \
    --hash=sha256:4936d1d6780fbe68db454f5e72a42ff64d1fd6397df9f363ae786930fd5c1cd4 \
    --hash=sha256:cb7780edb6b14107373c835bf8b72e7a178bac7367e23da7acb108f973f157a6 \
    --hash=sha256:d66ea44254dd3c6eacc300047af6e1288d2269dd072b417e0adffbf479e18519
    # via cuda-toolkit
setuptools==78.1.0 \
    --hash=sha256:3e386e96793c8702ae83d17b853fb93d3e09ef82ec62722e61da5cd22376dcd8
    # via torch
sympy==1.14.0 \
    --hash=sha256:d3d3fe8df1e5a0b42f0e7bdf50541697dbe7d23746e894990c030e2b05e72517 \
    --hash=sha256:e091cc3e99d2141a0ba2847328f5479b05d94a6635cb96148ccb3f34671bd8f5
    # via torch
torch==2.13.0+cu130 \
    --hash=sha256:e231302a457298d0236f7bde31082568f6cd0613b66b4eb46849e8ad53c2e38d
    # via trainer runtime
triton==3.7.1 \
    --hash=sha256:018d1a55f4fc01673cffe86d5bc35de7f111f87d579609a9af2e5ad1827826a6 \
    --hash=sha256:1f046a8d2615e389b1b8e8a4d100a03f3cb1df4bc1a107a6b678b186443bb2c9 \
    --hash=sha256:225910e79149807de74a0ca63160aa285956a8d64a2951d558997c57e2584ae1 \
    --hash=sha256:34894d51aff1abf7b017fbd0c5e9fe7211305c3599157fca251e3f42bc8f00cf \
    --hash=sha256:3d62b1df358f49fcc229d5b77e7a346d66a93e93c19f6872936eadba9aac5f01 \
    --hash=sha256:410d3786b2dcf1ef792046670787dc742ba8f800cf2c6dddf56e0656f2260db6 \
    --hash=sha256:498302da4866b62d7184825bb3ced2348fe57b5caeaef882db23fc3f746e5cc1 \
    --hash=sha256:59688b9b924f887316dcd0fae9e8cbe697ee1d1f6ab386723982cc9ecdebee01 \
    --hash=sha256:6aadad4b7b001f2bc025667af14b0b32fb803c69534381abbae24971891c1859 \
    --hash=sha256:757802f248035abef085ffe28e9f36416f303c769aace1d346a9909eb2e90fd0 \
    --hash=sha256:7f02d894c176e9b80323c4679049cb12219890027550194550548a04c70b5c2e \
    --hash=sha256:996b460a85a134bbf810f87dea9ad42fc434d9ae1cbb948313ae83dd27f432f3 \
    --hash=sha256:9e291fca77d74a2c1ce0d3a5eded017a2dd4c688c8986c36e2b0a5f33d956b4f \
    --hash=sha256:c56cb810349d3699020b5b7695429b9b997574dab1b9f46b2b63fa23d7954894 \
    --hash=sha256:e04b4252ddbcbc6d4f518bb3eb3d586b2e77d40ed32801d9a75116d8d6c1169b \
    --hash=sha256:f091fe850657971c7191f7aa5bc9037669ad045da9d37eabc751926adbb456de
    # via torch
typing-extensions==4.15.0 \
    --hash=sha256:f0fa19c6845758ab08074a0cfa8b7aecb71c999ca73d62883bc25cc018c4e548
    # via torch
